
Microsoft Visual Studio Solution File, Format Version 12.00
# Visual Studio Version 17
VisualStudioVersion = 17.10.35004.147
MinimumVisualStudioVersion = 10.0.40219.1
Project("{8BC9CEB8-8B4A-11D0-8D11-00A0C91BC942}") = "vc.cpp", "vc.cpp\vc.cpp.vcxproj", "{C2F91643-FE40-454D-814F-6F351CEC9716}"
EndProject
Global
	GlobalSection(SolutionConfigurationPlatforms) = preSolution
		Debug|x64 = Debug|x64
		Debug|x86 = Debug|x86
		Release|x64 = Release|x64
		Release|x86 = Release|x86
	EndGlobalSection
	GlobalSection(ProjectConfigurationPlatforms) = postSolution
		{C2F91643-FE40-454D-814F-6F351CEC9716}.Debug|x64.ActiveCfg = Debug|x64
		{C2F91643-FE40-454D-814F-6F351CEC9716}.Debug|x64.Build.0 = Debug|x64
		{C2F91643-FE40-454D-814F-6F351CEC9716}.Debug|x86.ActiveCfg = Debug|Win32
		{C2F91643-FE40-454D-814F-6F351CEC9716}.Debug|x86.Build.0 = Debug|Win32
		{C2F91643-FE40-454D-814F-6F351CEC9716}.Release|x64.ActiveCfg = Release|x64
		{C2F91643-FE40-454D-814F-6F351CEC9716}.Release|x64.Build.0 = Release|x64
		{C2F91643-FE40-454D-814F-6F351CEC9716}.Release|x86.ActiveCfg = Release|Win32
		{C2F91643-FE40-454D-814F-6F351CEC9716}.Release|x86.Build.0 = Release|Win32
	EndGlobalSection
	GlobalSection(SolutionProperties) = preSolution
		HideSolutionNode = FALSE
	EndGlobalSection
	GlobalSection(ExtensibilityGlobals) = postSolution
		SolutionGuid = {FAEDDF10-C6BA-4A15-BD98-746079D6097B}
	EndGlobalSection
EndGlobal
